
Microsoft Visual Studio Solution File, Format Version 12.00
# Visual Studio Version 16
VisualStudioVersion = 16.0.30517.126
MinimumVisualStudioVersion = 10.0.40219.1
Project("{FAE04EC0-301F-11D3-BF4B-00C04F79EFBC}") = "WeekSevenAssignment", "WeekSevenAssignment.csproj", "{E21A70BE-9B0E-4673-832A-A8A1FF48AA0B}"
EndProject
Project("{FAE04EC0-301F-11D3-BF4B-00C04F79EFBC}") = "LoginValidation", "..\LoginValidation\LoginValidation.csproj", "{DA51BED9-DEFF-48E0-A1ED-15EABA761480}"
EndProject
Project("{FAE04EC0-301F-11D3-BF4B-00C04F79EFBC}") = "RandomLetter", "..\RandomLetter\RandomLetter.csproj", "{AC32234F-7415-423C-B968-AC267777F079}"
EndProject
Project("{FAE04EC0-301F-11D3-BF4B-00C04F79EFBC}") = "FirstNameReverse", "..\FirstNameReverse\FirstNameReverse.csproj", "{2DED2774-A1C2-42FF-A11D-4C1225781425}"
EndProject
Project("{FAE04EC0-301F-11D3-BF4B-00C04F79EFBC}") = "CakeReplace", "..\CakeReplace\CakeReplace.csproj", "{C9A6891E-C8A5-4217-BE73-47631A967C2B}"
EndProject
Project("{FAE04EC0-301F-11D3-BF4B-00C04F79EFBC}") = "FullNameInitials", "..\FullNameInitials\FullNameInitials.csproj", "{7C69E7ED-0FC2-4039-82A8-6D4AF244C8DD}"
EndProject
Project("{FAE04EC0-301F-11D3-BF4B-00C04F79EFBC}") = "DuckSong", "..\DuckSong\DuckSong.csproj", "{924F2AAE-E700-4E6A-B7AC-8E2EAB32F35C}"
EndProject
Global
	GlobalSection(SolutionConfigurationPlatforms) = preSolution
		Debug|Any CPU = Debug|Any CPU
		Release|Any CPU = Release|Any CPU
	EndGlobalSection
	GlobalSection(ProjectConfigurationPlatforms) = postSolution
		{E21A70BE-9B0E-4673-832A-A8A1FF48AA0B}.Debug|Any CPU.ActiveCfg = Debug|Any CPU
		{E21A70BE-9B0E-4673-832A-A8A1FF48AA0B}.Debug|Any CPU.Build.0 = Debug|Any CPU
		{E21A70BE-9B0E-4673-832A-A8A1FF48AA0B}.Release|Any CPU.ActiveCfg = Release|Any CPU
		{E21A70BE-9B0E-4673-832A-A8A1FF48AA0B}.Release|Any CPU.Build.0 = Release|Any CPU
		{DA51BED9-DEFF-48E0-A1ED-15EABA761480}.Debug|Any CPU.ActiveCfg = Debug|Any CPU
		{DA51BED9-DEFF-48E0-A1ED-15EABA761480}.Debug|Any CPU.Build.0 = Debug|Any CPU
		{DA51BED9-DEFF-48E0-A1ED-15EABA761480}.Release|Any CPU.ActiveCfg = Release|Any CPU
		{DA51BED9-DEFF-48E0-A1ED-15EABA761480}.Release|Any CPU.Build.0 = Release|Any CPU
		{AC32234F-7415-423C-B968-AC267777F079}.Debug|Any CPU.ActiveCfg = Debug|Any CPU
		{AC32234F-7415-423C-B968-AC267777F079}.Debug|Any CPU.Build.0 = Debug|Any CPU
		{AC32234F-7415-423C-B968-AC267777F079}.Release|Any CPU.ActiveCfg = Release|Any CPU
		{AC32234F-7415-423C-B968-AC267777F079}.Release|Any CPU.Build.0 = Release|Any CPU
		{2DED2774-A1C2-42FF-A11D-4C1225781425}.Debug|Any CPU.ActiveCfg = Debug|Any CPU
		{2DED2774-A1C2-42FF-A11D-4C1225781425}.Debug|Any CPU.Build.0 = Debug|Any CPU
		{2DED2774-A1C2-42FF-A11D-4C1225781425}.Release|Any CPU.ActiveCfg = Release|Any CPU
		{2DED2774-A1C2-42FF-A11D-4C1225781425}.Release|Any CPU.Build.0 = Release|Any CPU
		{C9A6891E-C8A5-4217-BE73-47631A967C2B}.Debug|Any CPU.ActiveCfg = Debug|Any CPU
		{C9A6891E-C8A5-4217-BE73-47631A967C2B}.Debug|Any CPU.Build.0 = Debug|Any CPU
		{C9A6891E-C8A5-4217-BE73-47631A967C2B}.Release|Any CPU.ActiveCfg = Release|Any CPU
		{C9A6891E-C8A5-4217-BE73-47631A967C2B}.Release|Any CPU.Build.0 = Release|Any CPU
		{7C69E7ED-0FC2-4039-82A8-6D4AF244C8DD}.Debug|Any CPU.ActiveCfg = Debug|Any CPU
		{7C69E7ED-0FC2-4039-82A8-6D4AF244C8DD}.Debug|Any CPU.Build.0 = Debug|Any CPU
		{7C69E7ED-0FC2-4039-82A8-6D4AF244C8DD}.Release|Any CPU.ActiveCfg = Release|Any CPU
		{7C69E7ED-0FC2-4039-82A8-6D4AF244C8DD}.Release|Any CPU.Build.0 = Release|Any CPU
		{924F2AAE-E700-4E6A-B7AC-8E2EAB32F35C}.Debug|Any CPU.ActiveCfg = Debug|Any CPU
		{924F2AAE-E700-4E6A-B7AC-8E2EAB32F35C}.Debug|Any CPU.Build.0 = Debug|Any CPU
		{924F2AAE-E700-4E6A-B7AC-8E2EAB32F35C}.Release|Any CPU.ActiveCfg = Release|Any CPU
		{924F2AAE-E700-4E6A-B7AC-8E2EAB32F35C}.Release|Any CPU.Build.0 = Release|Any CPU
	EndGlobalSection
	GlobalSection(SolutionProperties) = preSolution
		HideSolutionNode = FALSE
	EndGlobalSection
	GlobalSection(ExtensibilityGlobals) = postSolution
		SolutionGuid = {738C7B1D-786E-4846-89E3-9A05EC7A816E}
	EndGlobalSection
EndGlobal
